<?xml version="1.0" encoding="utf-8"?>
<Project ToolsVersion="4.0" xmlns="http://schemas.microsoft.com/developer/msbuild/2003">
  <ItemGroup>
    <Filter Include="Source Files">
      <UniqueIdentifier>{4FC737F1-C7A5-4376-A066-2A32D752A2FF}</UniqueIdentifier>
      <Extensions>cpp;c;cc;cxx;def;odl;idl;hpj;bat;asm;asmx</Extensions>
    </Filter>
    <Filter Include="Header Files">
      <UniqueIdentifier>{93995380-89BD-4b04-88EB-625FBE52EBFB}</UniqueIdentifier>
      <Extensions>h;hh;hpp;hxx;hm;inl;inc;xsd</Extensions>
    </Filter>
    <Filter Include="Resource Files">
      <UniqueIdentifier>{67DA6AB6-F800-4c08-8B7A-83BB121AAD01}</UniqueIdentifier>
      <Extensions>rc;ico;cur;bmp;dlg;rc2;rct;bin;rgs;gif;jpg;jpeg;jpe;resx;tiff;tif;png;wav;mfcribbon-ms</Extensions>
    </Filter>
    <Filter Include="Header Files\utilities">
      <UniqueIdentifier>{696dd41c-ba7b-4b7a-827f-bd394f8a83d8}</UniqueIdentifier>
    </Filter>
    <Filter Include="Header Files\terminal">
      <UniqueIdentifier>{7f676b5b-5dc8-4b50-bcb6-4a0f0f13f051}</UniqueIdentifier>
    </Filter>
    <Filter Include="Header Files\GL">
      <UniqueIdentifier>{32f0338f-bea1-4d23-97d7-e48ab7668aaa}</UniqueIdentifier>
    </Filter>
    <Filter Include="Header Files\CL">
      <UniqueIdentifier>{197100b7-99d8-4355-be36-53f60f18a6f9}</UniqueIdentifier>
    </Filter>
    <Filter Include="misc">
      <UniqueIdentifier>{8c7417b4-f952-47c8-91e0-2fafada92af9}</UniqueIdentifier>
    </Filter>
    <Filter Include="Header Files\CL\kernel">
      <UniqueIdentifier>{a948e4a9-4202-4ee3-a4ea-9a0954544dc0}</UniqueIdentifier>
    </Filter>
  </ItemGroup>
  <ItemGroup>
    <ClCompile Include="main.cpp">
      <Filter>Resource Files</Filter>
    </ClCompile>
    <ClCompile Include="testheaders.cpp">
      <Filter>Resource Files</Filter>
    </ClCompile>
  </ItemGroup>
  <ItemGroup>
    <ClInclude Include="openglblock.h">
      <Filter>Header Files\GL</Filter>
    </ClInclude>
    <ClInclude Include="openglentity.h">
      <Filter>Header Files\GL</Filter>
    </ClInclude>
    <ClInclude Include="openglinit.h">
      <Filter>Header Files\GL</Filter>
    </ClInclude>
    <ClInclude Include="openglvfx.h">
      <Filter>Header Files\GL</Filter>
    </ClInclude>
    <ClInclude Include="frontend.h">
      <Filter>Header Files</Filter>
    </ClInclude>
    <ClInclude Include="backend.h">
      <Filter>Header Files</Filter>
    </ClInclude>
    <ClInclude Include="Neat.h">
      <Filter>Header Files\CL</Filter>
    </ClInclude>
    <ClInclude Include="openfiles.h">
      <Filter>Header Files\utilities</Filter>
    </ClInclude>
    <ClInclude Include="terminal.h">
      <Filter>Header Files\terminal</Filter>
    </ClInclude>
    <ClInclude Include="utilities.h">
      <Filter>Header Files\utilities</Filter>
    </ClInclude>
  </ItemGroup>
  <ItemGroup>
    <None Include="opengl.misc">
      <Filter>misc</Filter>
    </None>
    <None Include="backend.misc">
      <Filter>misc</Filter>
    </None>
    <None Include="neat.cl">
      <Filter>Header Files\CL\kernel</Filter>
    </None>
  </ItemGroup>
</Project>